
Microsoft Visual Studio Solution File, Format Version 12.00
# Visual Studio 15
Project("{FAE04EC0-301F-11D3-BF4B-00C04F79EFBC}") = "fps.Gameplay", "fps.Gameplay.csproj", "{6B10D700-3EBD-C3E9-356D-B7799952AC3B}"
EndProject
Project("{FAE04EC0-301F-11D3-BF4B-00C04F79EFBC}") = "fps.UI", "fps.UI.csproj", "{B64C5573-19F9-64C1-1F12-A5B804CD3BC1}"
EndProject
Project("{FAE04EC0-301F-11D3-BF4B-00C04F79EFBC}") = "fps.Game", "fps.Game.csproj", "{764713CC-8619-9FC7-5C31-9BCF845E0A3A}"
EndProject
Project("{FAE04EC0-301F-11D3-BF4B-00C04F79EFBC}") = "Unity.FPS.Tutorials", "Unity.FPS.Tutorials.csproj", "{AAF0C2CA-448C-104A-FEDA-DE96FF981891}"
EndProject
Project("{FAE04EC0-301F-11D3-BF4B-00C04F79EFBC}") = "NavMeshComponents", "NavMeshComponents.csproj", "{20AC9C2D-4220-483F-4764-D79395753A43}"
EndProject
Project("{FAE04EC0-301F-11D3-BF4B-00C04F79EFBC}") = "fps.AI", "fps.AI.csproj", "{5BBE961D-F955-807B-8BB5-952D63084C9F}"
EndProject
Project("{FAE04EC0-301F-11D3-BF4B-00C04F79EFBC}") = "NavMeshComponentsEditor", "NavMeshComponentsEditor.csproj", "{06578740-01C7-8A2F-DC00-FF53C7D83F4A}"
EndProject
Project("{FAE04EC0-301F-11D3-BF4B-00C04F79EFBC}") = "Unity.Microgame.Tutorials", "Unity.Microgame.Tutorials.csproj", "{B292FB7F-8956-A4F8-AEA2-98EC729FF3C6}"
EndProject
Project("{FAE04EC0-301F-11D3-BF4B-00C04F79EFBC}") = "fps.Editor", "fps.Editor.csproj", "{35F7067B-DCC8-7AA9-28A0-ACD5EA3E178A}"
EndProject
Global
	GlobalSection(SolutionConfigurationPlatforms) = preSolution
		Debug|Any CPU = Debug|Any CPU
		Release|Any CPU = Release|Any CPU
	EndGlobalSection
	GlobalSection(ProjectConfigurationPlatforms) = postSolution
		{6B10D700-3EBD-C3E9-356D-B7799952AC3B}.Debug|Any CPU.ActiveCfg = Debug|Any CPU
		{6B10D700-3EBD-C3E9-356D-B7799952AC3B}.Debug|Any CPU.Build.0 = Debug|Any CPU
		{6B10D700-3EBD-C3E9-356D-B7799952AC3B}.Release|Any CPU.ActiveCfg = Release|Any CPU
		{6B10D700-3EBD-C3E9-356D-B7799952AC3B}.Release|Any CPU.Build.0 = Release|Any CPU
		{B64C5573-19F9-64C1-1F12-A5B804CD3BC1}.Debug|Any CPU.ActiveCfg = Debug|Any CPU
		{B64C5573-19F9-64C1-1F12-A5B804CD3BC1}.Debug|Any CPU.Build.0 = Debug|Any CPU
		{B64C5573-19F9-64C1-1F12-A5B804CD3BC1}.Release|Any CPU.ActiveCfg = Release|Any CPU
		{B64C5573-19F9-64C1-1F12-A5B804CD3BC1}.Release|Any CPU.Build.0 = Release|Any CPU
		{764713CC-8619-9FC7-5C31-9BCF845E0A3A}.Debug|Any CPU.ActiveCfg = Debug|Any CPU
		{764713CC-8619-9FC7-5C31-9BCF845E0A3A}.Debug|Any CPU.Build.0 = Debug|Any CPU
		{764713CC-8619-9FC7-5C31-9BCF845E0A3A}.Release|Any CPU.ActiveCfg = Release|Any CPU
		{764713CC-8619-9FC7-5C31-9BCF845E0A3A}.Release|Any CPU.Build.0 = Release|Any CPU
		{AAF0C2CA-448C-104A-FEDA-DE96FF981891}.Debug|Any CPU.ActiveCfg = Debug|Any CPU
		{AAF0C2CA-448C-104A-FEDA-DE96FF981891}.Debug|Any CPU.Build.0 = Debug|Any CPU
		{AAF0C2CA-448C-104A-FEDA-DE96FF981891}.Release|Any CPU.ActiveCfg = Release|Any CPU
		{AAF0C2CA-448C-104A-FEDA-DE96FF981891}.Release|Any CPU.Build.0 = Release|Any CPU
		{20AC9C2D-4220-483F-4764-D79395753A43}.Debug|Any CPU.ActiveCfg = Debug|Any CPU
		{20AC9C2D-4220-483F-4764-D79395753A43}.Debug|Any CPU.Build.0 = Debug|Any CPU
		{20AC9C2D-4220-483F-4764-D79395753A43}.Release|Any CPU.ActiveCfg = Release|Any CPU
		{20AC9C2D-4220-483F-4764-D79395753A43}.Release|Any CPU.Build.0 = Release|Any CPU
		{5BBE961D-F955-807B-8BB5-952D63084C9F}.Debug|Any CPU.ActiveCfg = Debug|Any CPU
		{5BBE961D-F955-807B-8BB5-952D63084C9F}.Debug|Any CPU.Build.0 = Debug|Any CPU
		{5BBE961D-F955-807B-8BB5-952D63084C9F}.Release|Any CPU.ActiveCfg = Release|Any CPU
		{5BBE961D-F955-807B-8BB5-952D63084C9F}.Release|Any CPU.Build.0 = Release|Any CPU
		{06578740-01C7-8A2F-DC00-FF53C7D83F4A}.Debug|Any CPU.ActiveCfg = Debug|Any CPU
		{06578740-01C7-8A2F-DC00-FF53C7D83F4A}.Debug|Any CPU.Build.0 = Debug|Any CPU
		{06578740-01C7-8A2F-DC00-FF53C7D83F4A}.Release|Any CPU.ActiveCfg = Release|Any CPU
		{06578740-01C7-8A2F-DC00-FF53C7D83F4A}.Release|Any CPU.Build.0 = Release|Any CPU
		{B292FB7F-8956-A4F8-AEA2-98EC729FF3C6}.Debug|Any CPU.ActiveCfg = Debug|Any CPU
		{B292FB7F-8956-A4F8-AEA2-98EC729FF3C6}.Debug|Any CPU.Build.0 = Debug|Any CPU
		{B292FB7F-8956-A4F8-AEA2-98EC729FF3C6}.Release|Any CPU.ActiveCfg = Release|Any CPU
		{B292FB7F-8956-A4F8-AEA2-98EC729FF3C6}.Release|Any CPU.Build.0 = Release|Any CPU
		{35F7067B-DCC8-7AA9-28A0-ACD5EA3E178A}.Debug|Any CPU.ActiveCfg = Debug|Any CPU
		{35F7067B-DCC8-7AA9-28A0-ACD5EA3E178A}.Debug|Any CPU.Build.0 = Debug|Any CPU
		{35F7067B-DCC8-7AA9-28A0-ACD5EA3E178A}.Release|Any CPU.ActiveCfg = Release|Any CPU
		{35F7067B-DCC8-7AA9-28A0-ACD5EA3E178A}.Release|Any CPU.Build.0 = Release|Any CPU
	EndGlobalSection
	GlobalSection(SolutionProperties) = preSolution
		HideSolutionNode = FALSE
	EndGlobalSection
EndGlobal
